{
  "nodes": {
    "nixpkgs": {
      "locked": {
        "lastModified": 1694753796,
        "narHash": "sha256-QPE7dqcicQH/nq9aywVXJWWtci4FvxHaM+BSIEbGBvA=",
        "owner": "nixos",
        "repo": "nixpkgs",
        "rev": "360a7d31c30abefdc490d203f80e3221b7a24af2",
        "type": "github"
      },
      "original": {
        "owner": "nixos",
        "ref": "nixos-23.05",
        "repo": "nixpkgs",
        "type": "github"
      }
    },
    "root": {
      "inputs": {
        "nixpkgs": "nixpkgs"
      }
    }
  },
  "root": "root",
  "version": 7
}
