{
  "nodes": {
    "hardware": {
      "locked": {
        "lastModified": 1653145312,
        "narHash": "sha256-affCuB0Boa8CDFykoJVPZfhHLBok7Sq+QEOJvo3Xf+k=",
        "owner": "nixos",
        "repo": "nixos-hardware",
        "rev": "8b5e1bf2fd62adefff05ae67cd49440be93ea193",
        "type": "github"
      },
      "original": {
        "owner": "nixos",
        "repo": "nixos-hardware",
        "type": "github"
      }
    },
    "home-manager": {
      "inputs": {
        "nixpkgs": [
          "nixpkgs"
        ]
      },
      "locked": {
        "lastModified": 1653153149,
        "narHash": "sha256-8B/tWWZziFq4DqnAm9uO7M4Z4PNfllYg5+teX1e5yDQ=",
        "owner": "nix-community",
        "repo": "home-manager",
        "rev": "94780dd888881bf35165dfdd334a57ef6b14ead8",
        "type": "github"
      },
      "original": {
        "owner": "nix-community",
        "repo": "home-manager",
        "type": "github"
      }
    },
    "nixpkgs": {
      "locked": {
        "lastModified": 1653060744,
        "narHash": "sha256-kfRusllRumpt33J1hPV+CeCCylCXEU7e0gn2/cIM7cY=",
        "owner": "nixos",
        "repo": "nixpkgs",
        "rev": "dfd82985c273aac6eced03625f454b334daae2e8",
        "type": "github"
      },
      "original": {
        "owner": "nixos",
        "ref": "nixos-unstable",
        "repo": "nixpkgs",
        "type": "github"
      }
    },
    "root": {
      "inputs": {
        "hardware": "hardware",
        "home-manager": "home-manager",
        "nixpkgs": "nixpkgs"
      }
    }
  },
  "root": "root",
  "version": 7
}
